[[package]]
name = "brotli"
version = "1.0.9"
description = "Python bindings for the Brotli compression library"
category = "main"
optional = false
python-versions = "*"

[[package]]
name = "etcpak"
version = "0.9.6"
description = "python wrapper for etcpak"
category = "main"
optional = false
python-versions = "*"

[[package]]
name = "lz4"
version = "4.0.0"
description = "LZ4 Bindings for Python"
category = "main"
optional = false
python-versions = ">=3.7"

[package.extras]
docs = ["sphinx (>=1.6.0)", "sphinx-bootstrap-theme"]
flake8 = ["flake8"]
tests = ["pytest (!=3.3.0)", "psutil", "pytest-cov"]

[[package]]
name = "pillow"
version = "9.1.0"
description = "Python Imaging Library (Fork)"
category = "main"
optional = false
python-versions = ">=3.7"

[package.extras]
docs = ["olefile", "sphinx (>=2.4)", "sphinx-copybutton", "sphinx-issues (>=3.0.1)", "sphinx-removed-in", "sphinx-rtd-theme (>=1.0)", "sphinxext-opengraph"]
tests = ["check-manifest", "coverage", "defusedxml", "markdown2", "olefile", "packaging", "pyroma", "pytest", "pytest-cov", "pytest-timeout"]

[[package]]
name = "pyjson5"
version = "1.6.1"
description = "JSON5 serializer and parser for Python 3 written in Cython."
category = "main"
optional = false
python-versions = "~=3.5"

[[package]]
name = "tabulate"
version = "0.8.9"
description = "Pretty-print tabular data"
category = "main"
optional = false
python-versions = "*"

[package.extras]
widechars = ["wcwidth"]

[[package]]
name = "texture2ddecoder"
version = "1.0.4"
description = "a python wrapper for Perfare's Texture2DDecoder"
category = "main"
optional = false
python-versions = "*"

[[package]]
name = "unitypy"
version = "1.8.9"
description = "A pythonic port of AssetStudio by Perfare"
category = "main"
optional = false
python-versions = "*"

[package.dependencies]
brotli = "*"
etcpak = "*"
lz4 = "*"
Pillow = "*"
tabulate = "*"
texture2ddecoder = "*"

[metadata]
lock-version = "1.1"
python-versions = "^3.8"
content-hash = "520df6255131f61705315606f44499f7cb0bc16bd8de0ab1a88446d6e3a81efa"

[metadata.files]
brotli = [
    {file = "Brotli-1.0.9-cp27-cp27m-macosx_10_9_x86_64.whl", hash = "sha256:268fe94547ba25b58ebc724680609c8ee3e5a843202e9a381f6f9c5e8bdb5c70"},
    {file = "Brotli-1.0.9-cp27-cp27m-manylinux1_i686.whl", hash = "sha256:c2415d9d082152460f2bd4e382a1e85aed233abc92db5a3880da2257dc7daf7b"},
    {file = "Brotli-1.0.9-cp27-cp27m-manylinux1_x86_64.whl", hash = "sha256:5913a1177fc36e30fcf6dc868ce23b0453952c78c04c266d3149b3d39e1410d6"},
    {file = "Brotli-1.0.9-cp27-cp27m-win32.whl", hash = "sha256:afde17ae04d90fbe53afb628f7f2d4ca022797aa093e809de5c3cf276f61bbfa"},
    {file = "Brotli-1.0.9-cp27-cp27mu-manylinux1_i686.whl", hash = "sha256:7cb81373984cc0e4682f31bc3d6be9026006d96eecd07ea49aafb06897746452"},
    {file = "Brotli-1.0.9-cp27-cp27mu-manylinux1_x86_64.whl", hash = "sha256:db844eb158a87ccab83e868a762ea8024ae27337fc7ddcbfcddd157f841fdfe7"},
    {file = "Brotli-1.0.9-cp310-cp310-macosx_10_9_universal2.whl", hash = "sha256:9744a863b489c79a73aba014df554b0e7a0fc44ef3f8a0ef2a52919c7d155031"},
    {file = "Brotli-1.0.9-cp310-cp310-macosx_10_9_x86_64.whl", hash = "sha256:a72661af47119a80d82fa583b554095308d6a4c356b2a554fdc2799bc19f2a43"},
    {file = "Brotli-1.0.9-cp310-cp310-manylinux_2_17_aarch64.manylinux2014_aarch64.whl", hash = "sha256:7ee83d3e3a024a9618e5be64648d6d11c37047ac48adff25f12fa4226cf23d1c"},
    {file = "Brotli-1.0.9-cp310-cp310-manylinux_2_5_i686.manylinux1_i686.manylinux_2_12_i686.manylinux2010_i686.whl", hash = "sha256:19598ecddd8a212aedb1ffa15763dd52a388518c4550e615aed88dc3753c0f0c"},
    {file = "Brotli-1.0.9-cp310-cp310-manylinux_2_5_x86_64.manylinux1_x86_64.manylinux_2_12_x86_64.manylinux2010_x86_64.whl", hash = "sha256:44bb8ff420c1d19d91d79d8c3574b8954288bdff0273bf788954064d260d7ab0"},
    {file = "Brotli-1.0.9-cp310-cp310-musllinux_1_1_aarch64.whl", hash = "sha256:e23281b9a08ec338469268f98f194658abfb13658ee98e2b7f85ee9dd06caa91"},
    {file = "Brotli-1.0.9-cp310-cp310-musllinux_1_1_i686.whl", hash = "sha256:3496fc835370da351d37cada4cf744039616a6db7d13c430035e901443a34daa"},
    {file = "Brotli-1.0.9-cp310-cp310-musllinux_1_1_x86_64.whl", hash = "sha256:b83bb06a0192cccf1eb8d0a28672a1b79c74c3a8a5f2619625aeb6f28b3a82bb"},
    {file = "Brotli-1.0.9-cp310-cp310-win32.whl", hash = "sha256:26d168aac4aaec9a4394221240e8a5436b5634adc3cd1cdf637f6645cecbf181"},
    {file = "Brotli-1.0.9-cp310-cp310-win_amd64.whl", hash = "sha256:622a231b08899c864eb87e85f81c75e7b9ce05b001e59bbfbf43d4a71f5f32b2"},
    {file = "Brotli-1.0.9-cp35-cp35m-macosx_10_6_intel.whl", hash = "sha256:c83aa123d56f2e060644427a882a36b3c12db93727ad7a7b9efd7d7f3e9cc2c4"},
    {file = "Brotli-1.0.9-cp35-cp35m-manylinux1_i686.whl", hash = "sha256:6b2ae9f5f67f89aade1fab0f7fd8f2832501311c363a21579d02defa844d9296"},
    {file = "Brotli-1.0.9-cp35-cp35m-manylinux1_x86_64.whl", hash = "sha256:68715970f16b6e92c574c30747c95cf8cf62804569647386ff032195dc89a430"},
    {file = "Brotli-1.0.9-cp35-cp35m-win32.whl", hash = "sha256:defed7ea5f218a9f2336301e6fd379f55c655bea65ba2476346340a0ce6f74a1"},
    {file = "Brotli-1.0.9-cp35-cp35m-win_amd64.whl", hash = "sha256:88c63a1b55f352b02c6ffd24b15ead9fc0e8bf781dbe070213039324922a2eea"},
    {file = "Brotli-1.0.9-cp36-cp36m-macosx_10_9_x86_64.whl", hash = "sha256:503fa6af7da9f4b5780bb7e4cbe0c639b010f12be85d02c99452825dd0feef3f"},
    {file = "Brotli-1.0.9-cp36-cp36m-manylinux1_i686.whl", hash = "sha256:40d15c79f42e0a2c72892bf407979febd9cf91f36f495ffb333d1d04cebb34e4"},
    {file = "Brotli-1.0.9-cp36-cp36m-manylinux1_x86_64.whl", hash = "sha256:93130612b837103e15ac3f9cbacb4613f9e348b58b3aad53721d92e57f96d46a"},
    {file = "Brotli-1.0.9-cp36-cp36m-manylinux_2_17_aarch64.manylinux2014_aarch64.whl", hash = "sha256:87fdccbb6bb589095f413b1e05734ba492c962b4a45a13ff3408fa44ffe6479b"},
    {file = "Brotli-1.0.9-cp36-cp36m-musllinux_1_1_aarch64.whl", hash = "sha256:6d847b14f7ea89f6ad3c9e3901d1bc4835f6b390a9c71df999b0162d9bb1e20f"},
    {file = "Brotli-1.0.9-cp36-cp36m-musllinux_1_1_i686.whl", hash = "sha256:495ba7e49c2db22b046a53b469bbecea802efce200dffb69b93dd47397edc9b6"},
    {file = "Brotli-1.0.9-cp36-cp36m-musllinux_1_1_x86_64.whl", hash = "sha256:4688c1e42968ba52e57d8670ad2306fe92e0169c6f3af0089be75bbac0c64a3b"},
    {file = "Brotli-1.0.9-cp36-cp36m-win32.whl", hash = "sha256:61a7ee1f13ab913897dac7da44a73c6d44d48a4adff42a5701e3239791c96e14"},
    {file = "Brotli-1.0.9-cp36-cp36m-win_amd64.whl", hash = "sha256:1c48472a6ba3b113452355b9af0a60da5c2ae60477f8feda8346f8fd48e3e87c"},
    {file = "Brotli-1.0.9-cp37-cp37m-macosx_10_9_x86_64.whl", hash = "sha256:3b78a24b5fd13c03ee2b7b86290ed20efdc95da75a3557cc06811764d5ad1126"},
    {file = "Brotli-1.0.9-cp37-cp37m-manylinux1_i686.whl", hash = "sha256:9d12cf2851759b8de8ca5fde36a59c08210a97ffca0eb94c532ce7b17c6a3d1d"},
    {file = "Brotli-1.0.9-cp37-cp37m-manylinux1_x86_64.whl", hash = "sha256:6c772d6c0a79ac0f414a9f8947cc407e119b8598de7621f39cacadae3cf57d12"},
    {file = "Brotli-1.0.9-cp37-cp37m-manylinux_2_17_aarch64.manylinux2014_aarch64.whl", hash = "sha256:29d1d350178e5225397e28ea1b7aca3648fcbab546d20e7475805437bfb0a130"},
    {file = "Brotli-1.0.9-cp37-cp37m-musllinux_1_1_aarch64.whl", hash = "sha256:7bbff90b63328013e1e8cb50650ae0b9bac54ffb4be6104378490193cd60f85a"},
    {file = "Brotli-1.0.9-cp37-cp37m-musllinux_1_1_i686.whl", hash = "sha256:ec1947eabbaf8e0531e8e899fc1d9876c179fc518989461f5d24e2223395a9e3"},
    {file = "Brotli-1.0.9-cp37-cp37m-musllinux_1_1_x86_64.whl", hash = "sha256:12effe280b8ebfd389022aa65114e30407540ccb89b177d3fbc9a4f177c4bd5d"},
    {file = "Brotli-1.0.9-cp37-cp37m-win32.whl", hash = "sha256:f909bbbc433048b499cb9db9e713b5d8d949e8c109a2a548502fb9aa8630f0b1"},
    {file = "Brotli-1.0.9-cp37-cp37m-win_amd64.whl", hash = "sha256:97f715cf371b16ac88b8c19da00029804e20e25f30d80203417255d239f228b5"},
    {file = "Brotli-1.0.9-cp38-cp38-macosx_10_9_universal2.whl", hash = "sha256:e16eb9541f3dd1a3e92b89005e37b1257b157b7256df0e36bd7b33b50be73bcb"},
    {file = "Brotli-1.0.9-cp38-cp38-macosx_10_9_x86_64.whl", hash = "sha256:160c78292e98d21e73a4cc7f76a234390e516afcd982fa17e1422f7c6a9ce9c8"},
    {file = "Brotli-1.0.9-cp38-cp38-manylinux1_i686.whl", hash = "sha256:b663f1e02de5d0573610756398e44c130add0eb9a3fc912a09665332942a2efb"},
    {file = "Brotli-1.0.9-cp38-cp38-manylinux1_x86_64.whl", hash = "sha256:5b6ef7d9f9c38292df3690fe3e302b5b530999fa90014853dcd0d6902fb59f26"},
    {file = "Brotli-1.0.9-cp38-cp38-manylinux_2_17_aarch64.manylinux2014_aarch64.whl", hash = "sha256:8a674ac10e0a87b683f4fa2b6fa41090edfd686a6524bd8dedbd6138b309175c"},
    {file = "Brotli-1.0.9-cp38-cp38-musllinux_1_1_aarch64.whl", hash = "sha256:e2d9e1cbc1b25e22000328702b014227737756f4b5bf5c485ac1d8091ada078b"},
    {file = "Brotli-1.0.9-cp38-cp38-musllinux_1_1_i686.whl", hash = "sha256:b336c5e9cf03c7be40c47b5fd694c43c9f1358a80ba384a21969e0b4e66a9b17"},
    {file = "Brotli-1.0.9-cp38-cp38-musllinux_1_1_x86_64.whl", hash = "sha256:85f7912459c67eaab2fb854ed2bc1cc25772b300545fe7ed2dc03954da638649"},
    {file = "Brotli-1.0.9-cp38-cp38-win32.whl", hash = "sha256:35a3edbe18e876e596553c4007a087f8bcfd538f19bc116917b3c7522fca0429"},
    {file = "Brotli-1.0.9-cp38-cp38-win_amd64.whl", hash = "sha256:269a5743a393c65db46a7bb982644c67ecba4b8d91b392403ad8a861ba6f495f"},
    {file = "Brotli-1.0.9-cp39-cp39-macosx_10_9_universal2.whl", hash = "sha256:2aad0e0baa04517741c9bb5b07586c642302e5fb3e75319cb62087bd0995ab19"},
    {file = "Brotli-1.0.9-cp39-cp39-macosx_10_9_x86_64.whl", hash = "sha256:5cb1e18167792d7d21e21365d7650b72d5081ed476123ff7b8cac7f45189c0c7"},
    {file = "Brotli-1.0.9-cp39-cp39-manylinux1_i686.whl", hash = "sha256:16d528a45c2e1909c2798f27f7bf0a3feec1dc9e50948e738b961618e38b6a7b"},
    {file = "Brotli-1.0.9-cp39-cp39-manylinux1_x86_64.whl", hash = "sha256:56d027eace784738457437df7331965473f2c0da2c70e1a1f6fdbae5402e0389"},
    {file = "Brotli-1.0.9-cp39-cp39-manylinux_2_17_aarch64.manylinux2014_aarch64.whl", hash = "sha256:9bf919756d25e4114ace16a8ce91eb340eb57a08e2c6950c3cebcbe3dff2a5e7"},
    {file = "Brotli-1.0.9-cp39-cp39-musllinux_1_1_aarch64.whl", hash = "sha256:e4c4e92c14a57c9bd4cb4be678c25369bf7a092d55fd0866f759e425b9660806"},
    {file = "Brotli-1.0.9-cp39-cp39-musllinux_1_1_i686.whl", hash = "sha256:e48f4234f2469ed012a98f4b7874e7f7e173c167bed4934912a29e03167cf6b1"},
    {file = "Brotli-1.0.9-cp39-cp39-musllinux_1_1_x86_64.whl", hash = "sha256:9ed4c92a0665002ff8ea852353aeb60d9141eb04109e88928026d3c8a9e5433c"},
    {file = "Brotli-1.0.9-cp39-cp39-win32.whl", hash = "sha256:cfc391f4429ee0a9370aa93d812a52e1fee0f37a81861f4fdd1f4fb28e8547c3"},
    {file = "Brotli-1.0.9-cp39-cp39-win_amd64.whl", hash = "sha256:854c33dad5ba0fbd6ab69185fec8dab89e13cda6b7d191ba111987df74f38761"},
    {file = "Brotli-1.0.9-pp37-pypy37_pp73-macosx_10_9_x86_64.whl", hash = "sha256:9749a124280a0ada4187a6cfd1ffd35c350fb3af79c706589d98e088c5044267"},
    {file = "Brotli-1.0.9-pp37-pypy37_pp73-win_amd64.whl", hash = "sha256:76ffebb907bec09ff511bb3acc077695e2c32bc2142819491579a695f77ffd4d"},
    {file = "Brotli-1.0.9.zip", hash = "sha256:4d1b810aa0ed773f81dceda2cc7b403d01057458730e309856356d4ef4188438"},
]
etcpak = [
    {file = "etcpak-0.9.6-cp310-cp310-macosx_10_15_x86_64.whl", hash = "sha256:953d925e9ac83385f51f4137957667b675f937dfdb1b6e19a498ffc91632595b"},
    {file = "etcpak-0.9.6-cp310-cp310-manylinux_2_17_aarch64.manylinux2014_aarch64.whl", hash = "sha256:ecde3394a6900a11b009c7305390596fa3136544c3f1dbcba37596f739bd0b6a"},
    {file = "etcpak-0.9.6-cp310-cp310-manylinux_2_5_i686.manylinux1_i686.manylinux_2_17_i686.manylinux2014_i686.whl", hash = "sha256:cd8d7352b673fbc1f664a5db16cd63f04fa479645f005fc7af19082f22e5f5eb"},
    {file = "etcpak-0.9.6-cp310-cp310-manylinux_2_5_x86_64.manylinux1_x86_64.manylinux_2_17_x86_64.manylinux2014_x86_64.whl", hash = "sha256:73df6bf921feb099c58415299b47607369c6adb9ed945ae5ae3b2e4d7ba3c03d"},
    {file = "etcpak-0.9.6-cp310-cp310-win32.whl", hash = "sha256:aa0c717959a59ca10de4f015b2e3da5450b0794594d1c9524c84317b70103b1d"},
    {file = "etcpak-0.9.6-cp310-cp310-win_amd64.whl", hash = "sha256:abb68fe6b43f4dcf21b6e2bd7f8d8c840b65bdfb0ab5c9cdc76feb563b70436c"},
    {file = "etcpak-0.9.6-cp36-cp36m-manylinux_2_17_aarch64.manylinux2014_aarch64.whl", hash = "sha256:dfaf2379d9fd553c51760cb48bf5acf23b89435b37cee5b5177aa2ff31756e85"},
    {file = "etcpak-0.9.6-cp36-cp36m-manylinux_2_5_i686.manylinux1_i686.manylinux_2_17_i686.manylinux2014_i686.whl", hash = "sha256:dc974ca549c215bbbc41c030dd5397036096cb1445519677335c5ab3b6a39973"},
    {file = "etcpak-0.9.6-cp36-cp36m-manylinux_2_5_x86_64.manylinux1_x86_64.manylinux_2_17_x86_64.manylinux2014_x86_64.whl", hash = "sha256:bc8fe70f58cf48ec51f297dfd5ec32ec7ef7a22481db8fc4b44b1bdd6e286d03"},
    {file = "etcpak-0.9.6-cp37-cp37m-macosx_10_14_x86_64.whl", hash = "sha256:0739ce458287a7a2693690b2230985d95db28b81d4a125ef401137c130e834d8"},
    {file = "etcpak-0.9.6-cp37-cp37m-manylinux_2_17_aarch64.manylinux2014_aarch64.whl", hash = "sha256:a6ba313f06c33e2393539b9c6af14e018f9d9cbe5451d81b0218860bfc0faf21"},
    {file = "etcpak-0.9.6-cp37-cp37m-manylinux_2_5_i686.manylinux1_i686.manylinux_2_17_i686.manylinux2014_i686.whl", hash = "sha256:374ba9bfe7e7efb729686ddb59cc8c0685a396270a343346f378908daaecbddd"},
    {file = "etcpak-0.9.6-cp37-cp37m-manylinux_2_5_x86_64.manylinux1_x86_64.manylinux_2_17_x86_64.manylinux2014_x86_64.whl", hash = "sha256:188272db91c929ca6033afc9097038cc5e370471b38c5f3058cdc40187f82bef"},
    {file = "etcpak-0.9.6-cp37-cp37m-win32.whl", hash = "sha256:af9fd021d7c9b3712798bc47af273b4854bef663fd862a83f2d093b198a25fe0"},
    {file = "etcpak-0.9.6-cp37-cp37m-win_amd64.whl", hash = "sha256:0a0f4673cff5167ee0596cab565c7df5845be1db2969aa36a5b7df2a2c778a93"},
    {file = "etcpak-0.9.6-cp38-cp38-macosx_10_14_x86_64.whl", hash = "sha256:86d6f9fb4eb46590bd8c88e7887d83b266ac3d270887a7fe654daead28ea7004"},
    {file = "etcpak-0.9.6-cp38-cp38-manylinux_2_17_aarch64.manylinux2014_aarch64.whl", hash = "sha256:f9dc85ebb4aac94c23e5934bb6dc76addae361a9e5c7532da25995d96fc28ee8"},
    {file = "etcpak-0.9.6-cp38-cp38-manylinux_2_5_i686.manylinux1_i686.manylinux_2_17_i686.manylinux2014_i686.whl", hash = "sha256:e25fc3cbf43d0774d794d53a99bc2d9c77783128b1eacbcff4828ddca9c98aa1"},
    {file = "etcpak-0.9.6-cp38-cp38-manylinux_2_5_x86_64.manylinux1_x86_64.manylinux_2_17_x86_64.manylinux2014_x86_64.whl", hash = "sha256:859fba550297570298047a82de51ad18d1b15a505c8e43c24586f2edc709ede2"},
    {file = "etcpak-0.9.6-cp38-cp38-win32.whl", hash = "sha256:2cfb9f8b997847881c8f8ada9f245dcb4c33cd545e0b91591968529ab75ed0f2"},
    {file = "etcpak-0.9.6-cp38-cp38-win_amd64.whl", hash = "sha256:08ea06e12606e34cf760afc0abddc4cdcc76c7ddd4c282367fea5436abb8741d"},
    {file = "etcpak-0.9.6-cp39-cp39-macosx_10_15_x86_64.whl", hash = "sha256:92e7b66faf4d411fb8c9903ca622653a8c1694e715205b4755dadc8a276cfea3"},
    {file = "etcpak-0.9.6-cp39-cp39-manylinux_2_17_aarch64.manylinux2014_aarch64.whl", hash = "sha256:fe38edb52f755618ea28c95afbd1169bac5cc3bd3d515f10380cfe08fb9fe122"},
    {file = "etcpak-0.9.6-cp39-cp39-manylinux_2_5_i686.manylinux1_i686.manylinux_2_17_i686.manylinux2014_i686.whl", hash = "sha256:9d8a0361db56ca5aee73818bc0116bc9f66a4626e21ef2a98ca49b147df991a9"},
    {file = "etcpak-0.9.6-cp39-cp39-manylinux_2_5_x86_64.manylinux1_x86_64.manylinux_2_17_x86_64.manylinux2014_x86_64.whl", hash = "sha256:4cb71969a529206fc53863dccb715b65ab0de58a986de190983a961cfaf39bb8"},
    {file = "etcpak-0.9.6-cp39-cp39-win32.whl", hash = "sha256:b45baac32af9a787cb028eb68031e1eabb318aacba39ab348e04de467d3373e9"},
    {file = "etcpak-0.9.6-cp39-cp39-win_amd64.whl", hash = "sha256:b0b79d76f0a131ec40c66425e4e9dd676c427df2837c9909d2f369a878386230"},
    {file = "etcpak-0.9.6-py3.10-macosx-10.15-x86_64.egg", hash = "sha256:08c3d5f90bebc196b215b03075c99fbd1672858851adbfb69adbd6bad91d954a"},
    {file = "etcpak-0.9.6-py3.10-win-amd64.egg", hash = "sha256:4be93cf140e35922bc37a08a51c44ea1140b39a8b94566af70e4335e141ad57d"},
    {file = "etcpak-0.9.6-py3.10-win32.egg", hash = "sha256:c549a7b5e89c0d7f5822a9073edf221a94a2bb8d9a8d27baa6ef7611f921f937"},
    {file = "etcpak-0.9.6-py3.7-macosx-10.14-x86_64.egg", hash = "sha256:7ea641bf282bb37813ce3d2cff040bd340fb5277201123ba326442717873e66d"},
    {file = "etcpak-0.9.6-py3.7-win-amd64.egg", hash = "sha256:dbca77661b8e56d9ead3c9ac8ba2d8e19d081eabc9efd73bb9eba01d62516eca"},
    {file = "etcpak-0.9.6-py3.7-win32.egg", hash = "sha256:794bc1202e444597241e5131d4cf1fa91e07bbba87cb9b25d8db75d83fe4f569"},
    {file = "etcpak-0.9.6-py3.8-macosx-10.14-x86_64.egg", hash = "sha256:d35e31c1e3e763ff00d34ad00e9c927239068b40fe298a0061c1a96d991abbcc"},
    {file = "etcpak-0.9.6-py3.8-win-amd64.egg", hash = "sha256:6ec38383d4fa28ac4ad5436d24b4957ab5c6bfacd9fd7facc0cb592fea44d510"},
    {file = "etcpak-0.9.6-py3.8-win32.egg", hash = "sha256:6424676b39dd3373d773ba68d9797f36cd1ffffe727326dcbd003d7df15f970c"},
    {file = "etcpak-0.9.6-py3.9-macosx-10.15-x86_64.egg", hash = "sha256:a72b5a8aeeac7912890288c02f41ee5ea2ccd70633c09b27adc55d6e88172b85"},
    {file = "etcpak-0.9.6-py3.9-win-amd64.egg", hash = "sha256:97e06957afb02df3a4afa8a840ffa8c4a339a50545c8328e5d4b14face12729b"},
    {file = "etcpak-0.9.6-py3.9-win32.egg", hash = "sha256:b3348ee6456a784777d3b8472ff621bcdca3a42d3f7a97390fd464b62b488712"},
    {file = "etcpak-0.9.6.tar.gz", hash = "sha256:9fae95558aa2eaa7ebe656a08b5a891e49112bb728423eb7ba92a5aedafa2955"},
]
lz4 = [
    {file = "lz4-4.0.0-cp310-cp310-macosx_10_9_x86_64.whl", hash = "sha256:6a4c004e664d8185e2bfeffb90e1bfe554a0cd1a764662648b528e37220822cb"},
    {file = "lz4-4.0.0-cp310-cp310-manylinux_2_17_x86_64.manylinux2014_x86_64.whl", hash = "sha256:b83fce61cec36cdc21d234524d60a96d70f1a928533228eae6f46a9de21dc218"},
    {file = "lz4-4.0.0-cp310-cp310-manylinux_2_5_i686.manylinux1_i686.manylinux_2_17_i686.manylinux2014_i686.whl", hash = "sha256:e05542c6cbdb1128c43cfefd7518e231b39329d212b19ab89fd3868596140bdf"},
    {file = "lz4-4.0.0-cp310-cp310-win32.whl", hash = "sha256:19e939cd1e5d1776ca8f431c18c10a59970cf98caceeaa6edc98fdcf58499f29"},
    {file = "lz4-4.0.0-cp310-cp310-win_amd64.whl", hash = "sha256:afc6bebfcbc48873854c05366b35a69b9c4e440ce17571ade032941cb89585ac"},
    {file = "lz4-4.0.0-cp37-cp37m-macosx_10_9_x86_64.whl", hash = "sha256:f69405f196c6fb38b94ac6000baa59c0364a1ac264e64194bb2fc48513df79ad"},
    {file = "lz4-4.0.0-cp37-cp37m-manylinux_2_17_x86_64.manylinux2014_x86_64.whl", hash = "sha256:2e1fa0dba94a7dece5d0fe109e317242c28f09e1ad488b8db692fcafb094db79"},
    {file = "lz4-4.0.0-cp37-cp37m-manylinux_2_5_i686.manylinux1_i686.manylinux_2_17_i686.manylinux2014_i686.whl", hash = "sha256:6c9acd054426840de2e4bbf83321945c3a20e90402ad221f4302e983f8031e14"},
    {file = "lz4-4.0.0-cp37-cp37m-win32.whl", hash = "sha256:4d96e913877b687bb8e8c6f8a90ce1e2a9a5c5268d9bab489f49bd3ce9ae8afa"},
    {file = "lz4-4.0.0-cp37-cp37m-win_amd64.whl", hash = "sha256:5721ec225a37794fbaabcfa5cf2289ebb4b9e770e73e4e779d514c1fc784df5b"},
    {file = "lz4-4.0.0-cp38-cp38-macosx_10_9_x86_64.whl", hash = "sha256:2428f5525c214d8cca332a96a2561415fd1261be2372b68b32a1aa40b9c9000f"},
    {file = "lz4-4.0.0-cp38-cp38-manylinux_2_17_x86_64.manylinux2014_x86_64.whl", hash = "sha256:a4afc2c12c37896e5ac7c5343f255cc242962ed7af940f6ef5276cc5c22e81fd"},
    {file = "lz4-4.0.0-cp38-cp38-manylinux_2_5_i686.manylinux1_i686.manylinux_2_17_i686.manylinux2014_i686.whl", hash = "sha256:1ef9b03386757546f962e0598ac1d863960018dd9c04ec207059d3eb52bba12b"},
    {file = "lz4-4.0.0-cp38-cp38-win32.whl", hash = "sha256:7ec46449892159c869c88848ee2c9b3b5170d193ba79524732334e7bbc39639c"},
    {file = "lz4-4.0.0-cp38-cp38-win_amd64.whl", hash = "sha256:26e4e7f88757c31e5240016b863f37ad79fc2898be272a6d78f267963c1b094b"},
    {file = "lz4-4.0.0-cp39-cp39-macosx_10_9_x86_64.whl", hash = "sha256:3221e9a46d343175cefe932b0e812f2ecd3de70c7d036b951488d664587bee4a"},
    {file = "lz4-4.0.0-cp39-cp39-manylinux_2_17_x86_64.manylinux2014_x86_64.whl", hash = "sha256:463814c29f1201ef876c031ad32a185adee807ae201c228b28d65f17b203ee11"},
    {file = "lz4-4.0.0-cp39-cp39-manylinux_2_5_i686.manylinux1_i686.manylinux_2_17_i686.manylinux2014_i686.whl", hash = "sha256:79246da3207b9eb4e53b3bed86189a60631e74f9b3d2579918b032fb1c7b114b"},
    {file = "lz4-4.0.0-cp39-cp39-win32.whl", hash = "sha256:4bf2880cae9a5255f86698f60af635f184e49d5f6878a7e0520b6cfcdb0a0d50"},
    {file = "lz4-4.0.0-cp39-cp39-win_amd64.whl", hash = "sha256:04067086a443eef46eb2dfc26e1e5a76165149ceb4a88f0b540b46ead95e39c8"},
    {file = "lz4-4.0.0.tar.gz", hash = "sha256:57c5dfd3b7dae833b0d2b2c1aafd7f9d0dfcab40683d183d010c67c9fd1beca3"},
]
pillow = [
    {file = "Pillow-9.1.0-cp310-cp310-macosx_10_9_x86_64.whl", hash = "sha256:af79d3fde1fc2e33561166d62e3b63f0cc3e47b5a3a2e5fea40d4917754734ea"},
    {file = "Pillow-9.1.0-cp310-cp310-macosx_11_0_arm64.whl", hash = "sha256:55dd1cf09a1fd7c7b78425967aacae9b0d70125f7d3ab973fadc7b5abc3de652"},
    {file = "Pillow-9.1.0-cp310-cp310-manylinux_2_17_aarch64.manylinux2014_aarch64.whl", hash = "sha256:66822d01e82506a19407d1afc104c3fcea3b81d5eb11485e593ad6b8492f995a"},
    {file = "Pillow-9.1.0-cp310-cp310-manylinux_2_17_i686.manylinux2014_i686.whl", hash = "sha256:a5eaf3b42df2bcda61c53a742ee2c6e63f777d0e085bbc6b2ab7ed57deb13db7"},
    {file = "Pillow-9.1.0-cp310-cp310-manylinux_2_17_x86_64.manylinux2014_x86_64.whl", hash = "sha256:01ce45deec9df310cbbee11104bae1a2a43308dd9c317f99235b6d3080ddd66e"},
    {file = "Pillow-9.1.0-cp310-cp310-musllinux_1_1_x86_64.whl", hash = "sha256:aea7ce61328e15943d7b9eaca87e81f7c62ff90f669116f857262e9da4057ba3"},
    {file = "Pillow-9.1.0-cp310-cp310-win32.whl", hash = "sha256:7a053bd4d65a3294b153bdd7724dce864a1d548416a5ef61f6d03bf149205160"},
    {file = "Pillow-9.1.0-cp310-cp310-win_amd64.whl", hash = "sha256:97bda660702a856c2c9e12ec26fc6d187631ddfd896ff685814ab21ef0597033"},
    {file = "Pillow-9.1.0-cp37-cp37m-macosx_10_9_x86_64.whl", hash = "sha256:21dee8466b42912335151d24c1665fcf44dc2ee47e021d233a40c3ca5adae59c"},
    {file = "Pillow-9.1.0-cp37-cp37m-manylinux_2_17_aarch64.manylinux2014_aarch64.whl", hash = "sha256:6b6d4050b208c8ff886fd3db6690bf04f9a48749d78b41b7a5bf24c236ab0165"},
    {file = "Pillow-9.1.0-cp37-cp37m-manylinux_2_17_i686.manylinux2014_i686.whl", hash = "sha256:5cfca31ab4c13552a0f354c87fbd7f162a4fafd25e6b521bba93a57fe6a3700a"},
    {file = "Pillow-9.1.0-cp37-cp37m-manylinux_2_17_x86_64.manylinux2014_x86_64.whl", hash = "sha256:ed742214068efa95e9844c2d9129e209ed63f61baa4d54dbf4cf8b5e2d30ccf2"},
    {file = "Pillow-9.1.0-cp37-cp37m-win32.whl", hash = "sha256:c9efef876c21788366ea1f50ecb39d5d6f65febe25ad1d4c0b8dff98843ac244"},
    {file = "Pillow-9.1.0-cp37-cp37m-win_amd64.whl", hash = "sha256:de344bcf6e2463bb25179d74d6e7989e375f906bcec8cb86edb8b12acbc7dfef"},
    {file = "Pillow-9.1.0-cp38-cp38-macosx_10_9_x86_64.whl", hash = "sha256:17869489de2fce6c36690a0c721bd3db176194af5f39249c1ac56d0bb0fcc512"},
    {file = "Pillow-9.1.0-cp38-cp38-macosx_11_0_arm64.whl", hash = "sha256:25023a6209a4d7c42154073144608c9a71d3512b648a2f5d4465182cb93d3477"},
    {file = "Pillow-9.1.0-cp38-cp38-manylinux_2_17_aarch64.manylinux2014_aarch64.whl", hash = "sha256:8782189c796eff29dbb37dd87afa4ad4d40fc90b2742704f94812851b725964b"},
    {file = "Pillow-9.1.0-cp38-cp38-manylinux_2_17_i686.manylinux2014_i686.whl", hash = "sha256:463acf531f5d0925ca55904fa668bb3461c3ef6bc779e1d6d8a488092bdee378"},
    {file = "Pillow-9.1.0-cp38-cp38-manylinux_2_17_x86_64.manylinux2014_x86_64.whl", hash = "sha256:3f42364485bfdab19c1373b5cd62f7c5ab7cc052e19644862ec8f15bb8af289e"},
    {file = "Pillow-9.1.0-cp38-cp38-musllinux_1_1_x86_64.whl", hash = "sha256:3fddcdb619ba04491e8f771636583a7cc5a5051cd193ff1aa1ee8616d2a692c5"},
    {file = "Pillow-9.1.0-cp38-cp38-win32.whl", hash = "sha256:4fe29a070de394e449fd88ebe1624d1e2d7ddeed4c12e0b31624561b58948d9a"},
    {file = "Pillow-9.1.0-cp38-cp38-win_amd64.whl", hash = "sha256:c24f718f9dd73bb2b31a6201e6db5ea4a61fdd1d1c200f43ee585fc6dcd21b34"},
    {file = "Pillow-9.1.0-cp39-cp39-macosx_10_9_x86_64.whl", hash = "sha256:fb89397013cf302f282f0fc998bb7abf11d49dcff72c8ecb320f76ea6e2c5717"},
    {file = "Pillow-9.1.0-cp39-cp39-macosx_11_0_arm64.whl", hash = "sha256:c870193cce4b76713a2b29be5d8327c8ccbe0d4a49bc22968aa1e680930f5581"},
    {file = "Pillow-9.1.0-cp39-cp39-manylinux_2_17_aarch64.manylinux2014_aarch64.whl", hash = "sha256:69e5ddc609230d4408277af135c5b5c8fe7a54b2bdb8ad7c5100b86b3aab04c6"},
    {file = "Pillow-9.1.0-cp39-cp39-manylinux_2_17_i686.manylinux2014_i686.whl", hash = "sha256:35be4a9f65441d9982240e6966c1eaa1c654c4e5e931eaf580130409e31804d4"},
    {file = "Pillow-9.1.0-cp39-cp39-manylinux_2_17_x86_64.manylinux2014_x86_64.whl", hash = "sha256:82283af99c1c3a5ba1da44c67296d5aad19f11c535b551a5ae55328a317ce331"},
    {file = "Pillow-9.1.0-cp39-cp39-musllinux_1_1_x86_64.whl", hash = "sha256:a325ac71914c5c043fa50441b36606e64a10cd262de12f7a179620f579752ff8"},
    {file = "Pillow-9.1.0-cp39-cp39-win32.whl", hash = "sha256:a598d8830f6ef5501002ae85c7dbfcd9c27cc4efc02a1989369303ba85573e58"},
    {file = "Pillow-9.1.0-cp39-cp39-win_amd64.whl", hash = "sha256:0c51cb9edac8a5abd069fd0758ac0a8bfe52c261ee0e330f363548aca6893595"},
    {file = "Pillow-9.1.0-pp37-pypy37_pp73-macosx_10_9_x86_64.whl", hash = "sha256:a336a4f74baf67e26f3acc4d61c913e378e931817cd1e2ef4dfb79d3e051b481"},
    {file = "Pillow-9.1.0-pp37-pypy37_pp73-manylinux_2_17_i686.manylinux2014_i686.whl", hash = "sha256:eb1b89b11256b5b6cad5e7593f9061ac4624f7651f7a8eb4dfa37caa1dfaa4d0"},
    {file = "Pillow-9.1.0-pp37-pypy37_pp73-manylinux_2_17_x86_64.manylinux2014_x86_64.whl", hash = "sha256:255c9d69754a4c90b0ee484967fc8818c7ff8311c6dddcc43a4340e10cd1636a"},
    {file = "Pillow-9.1.0-pp38-pypy38_pp73-macosx_10_9_x86_64.whl", hash = "sha256:5a3ecc026ea0e14d0ad7cd990ea7f48bfcb3eb4271034657dc9d06933c6629a7"},
    {file = "Pillow-9.1.0-pp38-pypy38_pp73-manylinux_2_17_i686.manylinux2014_i686.whl", hash = "sha256:c5b0ff59785d93b3437c3703e3c64c178aabada51dea2a7f2c5eccf1bcf565a3"},
    {file = "Pillow-9.1.0-pp38-pypy38_pp73-manylinux_2_17_x86_64.manylinux2014_x86_64.whl", hash = "sha256:c7110ec1701b0bf8df569a7592a196c9d07c764a0a74f65471ea56816f10e2c8"},
    {file = "Pillow-9.1.0-pp38-pypy38_pp73-win_amd64.whl", hash = "sha256:8d79c6f468215d1a8415aa53d9868a6b40c4682165b8cb62a221b1baa47db458"},
    {file = "Pillow-9.1.0.tar.gz", hash = "sha256:f401ed2bbb155e1ade150ccc63db1a4f6c1909d3d378f7d1235a44e90d75fb97"},
]
pyjson5 = [
    {file = "pyjson5-1.6.1-cp310-cp310-macosx_10_9_x86_64.whl", hash = "sha256:46f28ae6371a80a35484f4585f806053ee45b4e014bb8dd7ae71834254a17cd2"},
    {file = "pyjson5-1.6.1-cp310-cp310-manylinux_2_17_x86_64.manylinux2014_x86_64.manylinux_2_24_x86_64.whl", hash = "sha256:4fa65c10c408c9b1cd450cfc4cddb4623e377341e31b830eea5f2d887daf66b6"},
    {file = "pyjson5-1.6.1-cp310-cp310-manylinux_2_17_x86_64.manylinux2014_x86_64.whl", hash = "sha256:a0057201343f3fe192402ca48c7eebdd60b0b641e7ebe062726f7beaa6a8292c"},
    {file = "pyjson5-1.6.1-cp310-cp310-manylinux_2_5_i686.manylinux1_i686.manylinux_2_12_i686.manylinux2010_i686.whl", hash = "sha256:ff6eb6836f0596abbe7098bf407d69a84cb95621fb79d7e17c136677c4b50f6f"},
    {file = "pyjson5-1.6.1-cp310-cp310-manylinux_2_5_i686.manylinux1_i686.manylinux_2_17_i686.manylinux2014_i686.whl", hash = "sha256:079764e76fbe1cee8028d4beed59715d750c8dc59d15d11aa222b158a215432d"},
    {file = "pyjson5-1.6.1-cp310-cp310-manylinux_2_5_i686.manylinux1_i686.manylinux_2_24_i686.whl", hash = "sha256:bccc0a512cab4c2dbf9969a8e834e66db2669178e104e0dcc42c83ac583fc87c"},
    {file = "pyjson5-1.6.1-cp310-cp310-manylinux_2_5_x86_64.manylinux1_x86_64.manylinux_2_12_x86_64.manylinux2010_x86_64.whl", hash = "sha256:9a3a2c7be17c9b12a3e1cf48966978cb96d5b34c3f9f564ad1722a8fec358734"},
    {file = "pyjson5-1.6.1-cp310-cp310-musllinux_1_1_i686.whl", hash = "sha256:de192fab17d116e22fb59c9658436bc8fb077d34d3e8c54b52de3c366d4a53d4"},
    {file = "pyjson5-1.6.1-cp310-cp310-musllinux_1_1_x86_64.whl", hash = "sha256:cc8556d54f46043f62bd6fec7b81b6c04592a5d5e6aa5de2c64a6e4cc697ddfa"},
    {file = "pyjson5-1.6.1-cp310-cp310-win_amd64.whl", hash = "sha256:9ca111e7d29892c009ce6c6c906c047ea6e2d43b8c2e56afd6ee6b8275880905"},
    {file = "pyjson5-1.6.1-cp36-cp36m-macosx_10_9_x86_64.whl", hash = "sha256:6f76f3251b129c18519b913a4ab421d775f6cef46dcd37f8c0215289697d217d"},
    {file = "pyjson5-1.6.1-cp36-cp36m-manylinux_2_17_x86_64.manylinux2014_x86_64.manylinux_2_24_x86_64.whl", hash = "sha256:786ede9dbf188114c7d330cadd51d3b7b469d6f37ad1bf32ebb803836fb0a4ab"},
    {file = "pyjson5-1.6.1-cp36-cp36m-manylinux_2_17_x86_64.manylinux2014_x86_64.whl", hash = "sha256:88e25e946c12bdef81bff0180c2cd48a83f537058dca8f780bfca96238c1f0eb"},
    {file = "pyjson5-1.6.1-cp36-cp36m-manylinux_2_5_i686.manylinux1_i686.manylinux_2_12_i686.manylinux2010_i686.whl", hash = "sha256:0235ec9fb2aed82dc705aceb9c5e60d462b42f2717267910d3419e624ae684c4"},
    {file = "pyjson5-1.6.1-cp36-cp36m-manylinux_2_5_i686.manylinux1_i686.manylinux_2_17_i686.manylinux2014_i686.whl", hash = "sha256:d99911f26da323596e920bfca3f2442be198a94fcc700330fa36332d157ba0ce"},
    {file = "pyjson5-1.6.1-cp36-cp36m-manylinux_2_5_i686.manylinux1_i686.manylinux_2_24_i686.whl", hash = "sha256:2555797555887ac5b8c78c7f9a7edc1e388bdebb796a2a921e5cac7f4c90bf8a"},
    {file = "pyjson5-1.6.1-cp36-cp36m-manylinux_2_5_i686.manylinux1_i686.whl", hash = "sha256:5b8986b876e8126efe56330ce6f83fdadd7c8d97212697d5475f50094ed520db"},
    {file = "pyjson5-1.6.1-cp36-cp36m-manylinux_2_5_x86_64.manylinux1_x86_64.manylinux_2_12_x86_64.manylinux2010_x86_64.whl", hash = "sha256:97b8e0cf134fd410d83c7b429e38318d3106956f2c16fa85a661d0631edaa90b"},
    {file = "pyjson5-1.6.1-cp36-cp36m-manylinux_2_5_x86_64.manylinux1_x86_64.whl", hash = "sha256:cc355fdbe16c27c0873d980c8711ff1d1e44b4e9300237a45b9296a749004af9"},
    {file = "pyjson5-1.6.1-cp36-cp36m-musllinux_1_1_i686.whl", hash = "sha256:7614fdb7e3c0af3ea55ae7398e8bf78901f295ac4f8c950a79e19a2cc3592244"},
    {file = "pyjson5-1.6.1-cp36-cp36m-musllinux_1_1_x86_64.whl", hash = "sha256:90dd65d2594eba94fe7bdcf4f1a950d8c6834fe408191bc6f677e14a0cf58d3c"},
    {file = "pyjson5-1.6.1-cp37-cp37m-macosx_10_9_x86_64.whl", hash = "sha256:2e390683eac94c797b975fa1ec58857ec9efdac67ad47feff6d53d4242ba5f7e"},
    {file = "pyjson5-1.6.1-cp37-cp37m-manylinux_2_17_x86_64.manylinux2014_x86_64.manylinux_2_24_x86_64.whl", hash = "sha256:7f1b154df76ad4c2230f7c1fd5bf965d0ac53554be2d0a9439b6bd4a4ab9a4fa"},
    {file = "pyjson5-1.6.1-cp37-cp37m-manylinux_2_17_x86_64.manylinux2014_x86_64.whl", hash = "sha256:d097562edf5e63e9344d832e2fba2733d5629c7a749b52350ae2be3dba7f87b9"},
    {file = "pyjson5-1.6.1-cp37-cp37m-manylinux_2_5_i686.manylinux1_i686.manylinux_2_12_i686.manylinux2010_i686.whl", hash = "sha256:d42a1214c9ca9c7a61a8b6b959741549c3ac8549670faf07127c3a444db082ce"},
    {file = "pyjson5-1.6.1-cp37-cp37m-manylinux_2_5_i686.manylinux1_i686.manylinux_2_17_i686.manylinux2014_i686.whl", hash = "sha256:ddfb3a7570ea28062aed50cfee17989653b3dfa39db094fc8319ef566e94d193"},
    {file = "pyjson5-1.6.1-cp37-cp37m-manylinux_2_5_i686.manylinux1_i686.manylinux_2_24_i686.whl", hash = "sha256:20b04968b52b4b8c7bfcf6d11189edd008c4e11864b7220933403d104fca98fd"},
    {file = "pyjson5-1.6.1-cp37-cp37m-manylinux_2_5_i686.manylinux1_i686.whl", hash = "sha256:01faa127f77400fecf0ca4a87889d144e4e440267b42a69b050de45d92332046"},
    {file = "pyjson5-1.6.1-cp37-cp37m-manylinux_2_5_x86_64.manylinux1_x86_64.manylinux_2_12_x86_64.manylinux2010_x86_64.whl", hash = "sha256:14afe14febaa0389b1d1fb4d506f4edbd94a89fe3ef9d8d57147f3933d8a922d"},
    {file = "pyjson5-1.6.1-cp37-cp37m-manylinux_2_5_x86_64.manylinux1_x86_64.whl", hash = "sha256:dfe0a486ed989e2d320087441f738f7c9451e80ef17432ff32e761dc7f9d61df"},
    {file = "pyjson5-1.6.1-cp37-cp37m-musllinux_1_1_i686.whl", hash = "sha256:ef75d1985ed1e8b9bb18c95ce0ed6c7f8c681b097b936591307ac14b18061dc3"},
    {file = "pyjson5-1.6.1-cp37-cp37m-musllinux_1_1_x86_64.whl", hash = "sha256:27817c5940d7c310fe8b165c31f960527324088aff9910b8c3a8c01700309f04"},
    {file = "pyjson5-1.6.1-cp37-cp37m-win_amd64.whl", hash = "sha256:4c419eb2a3aae1a315f115336389edcb657a62819a1c21211e15f4ba249da3dc"},
    {file = "pyjson5-1.6.1-cp38-cp38-macosx_10_9_x86_64.whl", hash = "sha256:6f11343a11b0956091ea0c45653f503aa478f9b0e45c070c2dc76995f0e60b0d"},
    {file = "pyjson5-1.6.1-cp38-cp38-manylinux_2_17_x86_64.manylinux2014_x86_64.manylinux_2_24_x86_64.whl", hash = "sha256:1b83080dfc46b7940ec0f7e8c82302044a494980a0c262495ec0c1e570307689"},
    {file = "pyjson5-1.6.1-cp38-cp38-manylinux_2_17_x86_64.manylinux2014_x86_64.whl", hash = "sha256:a2b8cf706ada5b73a8fb316fe31980a03a37b98e47d7fd3dce9330822d5f1ced"},
    {file = "pyjson5-1.6.1-cp38-cp38-manylinux_2_5_i686.manylinux1_i686.manylinux_2_12_i686.manylinux2010_i686.whl", hash = "sha256:eea5daa46f4698237cf78d2732a7fd73cbfe076846720304c32978e9824261c4"},
    {file = "pyjson5-1.6.1-cp38-cp38-manylinux_2_5_i686.manylinux1_i686.manylinux_2_17_i686.manylinux2014_i686.whl", hash = "sha256:aa8cc005a295f1100609374ea6a4b8e1fd7fd9280d6708b7d0744bc6d105451d"},
    {file = "pyjson5-1.6.1-cp38-cp38-manylinux_2_5_i686.manylinux1_i686.manylinux_2_24_i686.whl", hash = "sha256:85f603fb2763454d07bebc523bf5a1fecc38cc560e8a2df3b1f23041beea724d"},
    {file = "pyjson5-1.6.1-cp38-cp38-manylinux_2_5_i686.manylinux1_i686.whl", hash = "sha256:4f82102cc50fd88ff354d0acc7c856dcd49736174efd7d45cd2a2977e784dea7"},
    {file = "pyjson5-1.6.1-cp38-cp38-manylinux_2_5_x86_64.manylinux1_x86_64.manylinux_2_12_x86_64.manylinux2010_x86_64.whl", hash = "sha256:a98a5c36e0fc9dba71d5ff6e8bc6ed0ef4a533b562f18c3b867ad9d6e30f7f97"},
    {file = "pyjson5-1.6.1-cp38-cp38-manylinux_2_5_x86_64.manylinux1_x86_64.whl", hash = "sha256:68e3f455552d183f766348ef6a7e253f476784ea5eee8b00f44ccf6568c92277"},
    {file = "pyjson5-1.6.1-cp38-cp38-musllinux_1_1_i686.whl", hash = "sha256:050d82bbc27fbfbfac6be13378cf5299912bdf7eb4b4d6c6af30034b17d0ab50"},
    {file = "pyjson5-1.6.1-cp38-cp38-musllinux_1_1_x86_64.whl", hash = "sha256:494a8208d7fd939397928ffd626eaf79f29f306505facf8ce28e54992a31257d"},
    {file = "pyjson5-1.6.1-cp38-cp38-win_amd64.whl", hash = "sha256:77314e8771f9d2c4db7daf0646d83a76b50b81111064c9695bef4a2be23452bd"},
    {file = "pyjson5-1.6.1-cp39-cp39-macosx_10_9_x86_64.whl", hash = "sha256:b185fff3cb9ff6584201f452f6b26ee71c70991db780188e5cfe09198fc90019"},
    {file = "pyjson5-1.6.1-cp39-cp39-manylinux_2_17_x86_64.manylinux2014_x86_64.manylinux_2_24_x86_64.whl", hash = "sha256:53986b5837cb38bba3932be1e337b5c4133072635715710850942162a358755b"},
    {file = "pyjson5-1.6.1-cp39-cp39-manylinux_2_17_x86_64.manylinux2014_x86_64.whl", hash = "sha256:d2682f8d787846629afcfe6b1659e6cc21fbae7f94ae35090af2886544c595bd"},
    {file = "pyjson5-1.6.1-cp39-cp39-manylinux_2_5_i686.manylinux1_i686.manylinux_2_12_i686.manylinux2010_i686.whl", hash = "sha256:3801a2e34754fa71b9dfb9a29e8e361dbf16d882d3f60ffa678d1cd2171bb2af"},
    {file = "pyjson5-1.6.1-cp39-cp39-manylinux_2_5_i686.manylinux1_i686.manylinux_2_17_i686.manylinux2014_i686.whl", hash = "sha256:ede84ef3d4b87c7fb8c913228f0fcbdf150d2a4ff89502613adba978a04ce6de"},
    {file = "pyjson5-1.6.1-cp39-cp39-manylinux_2_5_i686.manylinux1_i686.manylinux_2_24_i686.whl", hash = "sha256:3bf3fecbcb335b414a68eca0cec8aa1edf2ba8119d6339a79052857c6d66784d"},
    {file = "pyjson5-1.6.1-cp39-cp39-manylinux_2_5_i686.manylinux1_i686.whl", hash = "sha256:e3d9fd688bd83ab0c1132b88ce6a711608fc150e3a7174701f79c898fa2d6b90"},
    {file = "pyjson5-1.6.1-cp39-cp39-manylinux_2_5_x86_64.manylinux1_x86_64.manylinux_2_12_x86_64.manylinux2010_x86_64.whl", hash = "sha256:4bce9f97133e2e602bdfad688ed459e1b0ffc1199cfee16f9f5a52ffaa292778"},
    {file = "pyjson5-1.6.1-cp39-cp39-manylinux_2_5_x86_64.manylinux1_x86_64.whl", hash = "sha256:a87855a3fc6a60ecdf6c4c949b3f47850caaa4de4e389ce412f658926eee2410"},
    {file = "pyjson5-1.6.1-cp39-cp39-musllinux_1_1_i686.whl", hash = "sha256:1cf0686cd460179360ccc3424b1e3f8f0e531271669039225d6aa6f77c3aba90"},
    {file = "pyjson5-1.6.1-cp39-cp39-musllinux_1_1_x86_64.whl", hash = "sha256:45cf21f2ace7d54e9135e224d617332b4f9155bd058414c06099c246fdb4fc09"},
    {file = "pyjson5-1.6.1-cp39-cp39-win_amd64.whl", hash = "sha256:c63d84c4d28892d3aae31790999b70e87c0c47cfb7e44186aa84bcda8d6ec386"},
    {file = "pyjson5-1.6.1-pp37-pypy37_pp73-manylinux_2_17_x86_64.manylinux2014_x86_64.manylinux_2_24_x86_64.whl", hash = "sha256:042a90e194edc2eaae5c8cd3cdc500023cd825f176f39494d5783b0feaf63183"},
    {file = "pyjson5-1.6.1-pp37-pypy37_pp73-manylinux_2_17_x86_64.manylinux2014_x86_64.whl", hash = "sha256:9b285be1010203cc4d687ad9d62ec01306d2c5cc1102c57e4fc9c9ea5cb59d7b"},
    {file = "pyjson5-1.6.1-pp37-pypy37_pp73-manylinux_2_5_i686.manylinux1_i686.manylinux_2_12_i686.manylinux2010_i686.whl", hash = "sha256:50bf165ca54d0ccdc060f19f7c22270b3a5c2fa98100be51b754219e67b758e8"},
    {file = "pyjson5-1.6.1-pp37-pypy37_pp73-manylinux_2_5_i686.manylinux1_i686.manylinux_2_17_i686.manylinux2014_i686.whl", hash = "sha256:87eadeae577f118c0db68b169d86a2372279f50174a45b4df3f8ef4186440706"},
    {file = "pyjson5-1.6.1-pp37-pypy37_pp73-manylinux_2_5_i686.manylinux1_i686.manylinux_2_24_i686.whl", hash = "sha256:000f7777f300020eee3f85e99f49a51b00008d99827b0e1a728dd9e89df54d5d"},
    {file = "pyjson5-1.6.1-pp37-pypy37_pp73-manylinux_2_5_x86_64.manylinux1_x86_64.manylinux_2_12_x86_64.manylinux2010_x86_64.whl", hash = "sha256:a9646eae3b43ff3914ed6eb7a1ce81f3529a3e73abcc508581825bd8fd1079ce"},
    {file = "pyjson5-1.6.1.tar.gz", hash = "sha256:8c78ce75423059becbad4d2b8267d930eda5f68c5e99b11ab523c29552c639fc"},
]
tabulate = [
    {file = "tabulate-0.8.9-py3-none-any.whl", hash = "sha256:d7c013fe7abbc5e491394e10fa845f8f32fe54f8dc60c6622c6cf482d25d47e4"},
    {file = "tabulate-0.8.9.tar.gz", hash = "sha256:eb1d13f25760052e8931f2ef80aaf6045a6cceb47514db8beab24cded16f13a7"},
]
texture2ddecoder = [
    {file = "texture2ddecoder-1.0.4-cp310-cp310-macosx_10_15_x86_64.whl", hash = "sha256:24a4e3af12bdf91234741f1c14e52ae7dc2ebdd7d18314d3bbf2050807bfe2fa"},
    {file = "texture2ddecoder-1.0.4-cp310-cp310-manylinux_2_17_aarch64.manylinux2014_aarch64.whl", hash = "sha256:a15592119c0d0183101c0138a23bf3dec1be0ca069bd1fd6a72bdb02d98b43d9"},
    {file = "texture2ddecoder-1.0.4-cp310-cp310-manylinux_2_17_x86_64.manylinux2014_x86_64.whl", hash = "sha256:e24e594105c5e0519e846c502a4609600a62e1dcd29f5e7870c2ca801f084f5f"},
    {file = "texture2ddecoder-1.0.4-cp310-cp310-manylinux_2_5_i686.manylinux1_i686.manylinux_2_17_i686.manylinux2014_i686.whl", hash = "sha256:24ba11b007276672e10952d378c713847f02d0d396b6b37fe50855dbed5e05fc"},
    {file = "texture2ddecoder-1.0.4-cp310-cp310-win32.whl", hash = "sha256:ea126413b0287ac716cc0def66c2b0464a18422d46b8600cd4110b825fe3f706"},
    {file = "texture2ddecoder-1.0.4-cp310-cp310-win_amd64.whl", hash = "sha256:4f777c9e369c19893de5511c5694e84c94bee4bdbfefd5832c2f864529b5a45d"},
    {file = "texture2ddecoder-1.0.4-cp36-cp36m-manylinux_2_17_aarch64.manylinux2014_aarch64.whl", hash = "sha256:d1ee77f46b8779e67af5ee628857233b67bc08321c8c242008f227f66b8ea6ad"},
    {file = "texture2ddecoder-1.0.4-cp36-cp36m-manylinux_2_17_x86_64.manylinux2014_x86_64.whl", hash = "sha256:e1e2348e1643b01e9a28a2b714ef9daae43061e567bde5f33af810eff8341295"},
    {file = "texture2ddecoder-1.0.4-cp36-cp36m-manylinux_2_5_i686.manylinux1_i686.manylinux_2_17_i686.manylinux2014_i686.whl", hash = "sha256:8a74cfa8deadd4008bbc920a7a81f6cd28087df833a3b36d7a3826922c0baa41"},
    {file = "texture2ddecoder-1.0.4-cp37-cp37m-macosx_10_14_x86_64.whl", hash = "sha256:56b51bff7c81aaa774cea2c4807737e8e9fc7494d2cc60f4ff2d316638e00752"},
    {file = "texture2ddecoder-1.0.4-cp37-cp37m-manylinux_2_17_aarch64.manylinux2014_aarch64.whl", hash = "sha256:669a3fcc07b0183dd58e34b30b24d4fd8bd36138df05668992ba47d3809ad89a"},
    {file = "texture2ddecoder-1.0.4-cp37-cp37m-manylinux_2_17_x86_64.manylinux2014_x86_64.whl", hash = "sha256:b6f2e3643785fc8530308c1b636f026a88a57b7e398683a807b99162da33f856"},
    {file = "texture2ddecoder-1.0.4-cp37-cp37m-manylinux_2_5_i686.manylinux1_i686.manylinux_2_17_i686.manylinux2014_i686.whl", hash = "sha256:b5eb8de643a0a45874596a304da9ec6f77a5839522eebebaf695699456111524"},
    {file = "texture2ddecoder-1.0.4-cp37-cp37m-win32.whl", hash = "sha256:df8dffb274a1b7893f6f000baa5280cdeba6dd6438fe2e64bc4db6da4fce33ea"},
    {file = "texture2ddecoder-1.0.4-cp37-cp37m-win_amd64.whl", hash = "sha256:c336c1a82e56cf6fe5199b6bdee128372bce1381b0f1f54b854a0b82086ae561"},
    {file = "texture2ddecoder-1.0.4-cp38-cp38-macosx_10_14_x86_64.whl", hash = "sha256:32f297ac1e0f3fac4330d06c71ad0d6ae0d53306fe70f4bc91c2c8e5072bad5c"},
    {file = "texture2ddecoder-1.0.4-cp38-cp38-manylinux_2_17_aarch64.manylinux2014_aarch64.whl", hash = "sha256:5cdc59fa6dd5cfca13186ed2a57d8f07da376207dd53f7a938942a87d712ed17"},
    {file = "texture2ddecoder-1.0.4-cp38-cp38-manylinux_2_17_x86_64.manylinux2014_x86_64.whl", hash = "sha256:3f619485c5ba699624e40238697d29e8a619999bb0a1ab3033d814e76497d51f"},
    {file = "texture2ddecoder-1.0.4-cp38-cp38-manylinux_2_5_i686.manylinux1_i686.manylinux_2_17_i686.manylinux2014_i686.whl", hash = "sha256:ee2ddc9f1d8b010bed285a733b4518e3642901536b27d403e7ef5d32ced0b23f"},
    {file = "texture2ddecoder-1.0.4-cp38-cp38-win32.whl", hash = "sha256:93427e948d7fcf28d0c70d693933b5897ce65c6695499e8949b0557f7772fb64"},
    {file = "texture2ddecoder-1.0.4-cp38-cp38-win_amd64.whl", hash = "sha256:96147aa8edc3807fbb50d14b08eb10df81101704529631670f952a5aeb9abf62"},
    {file = "texture2ddecoder-1.0.4-cp39-cp39-macosx_10_15_x86_64.whl", hash = "sha256:6c6e38820fa076ba45217e4e193d855542b41fea1c4ccd32df4f0822debbf297"},
    {file = "texture2ddecoder-1.0.4-cp39-cp39-manylinux_2_17_aarch64.manylinux2014_aarch64.whl", hash = "sha256:1d7a5486b49de42a67f15de751518bae54ed2d307d194a45961592904c61d698"},
    {file = "texture2ddecoder-1.0.4-cp39-cp39-manylinux_2_17_x86_64.manylinux2014_x86_64.whl", hash = "sha256:d2d0ccc309b50c78f35b44e9758526823ce0e4300487907d308200a246011be7"},
    {file = "texture2ddecoder-1.0.4-cp39-cp39-manylinux_2_5_i686.manylinux1_i686.manylinux_2_17_i686.manylinux2014_i686.whl", hash = "sha256:e28e7b4a476ccda41d8cc35434e2d78c9ab0ca7fc80f2ec990e38d60dbf89d5f"},
    {file = "texture2ddecoder-1.0.4-cp39-cp39-win32.whl", hash = "sha256:85d64aab289bcea83a6854e6e1a555a2fb957d4b9ce780b3dac71c05eb41dec4"},
    {file = "texture2ddecoder-1.0.4-cp39-cp39-win_amd64.whl", hash = "sha256:7f62bee29f740d3c89f351f2a4e549c0e2286a0eced3dd2e46668b408fd8f174"},
    {file = "texture2ddecoder-1.0.4-py3.10-macosx-10.15-x86_64.egg", hash = "sha256:b8b9ad87c58d6a0962061d6586f1c946db6eb13a500241cd2f39b0d43ed3c6a4"},
    {file = "texture2ddecoder-1.0.4-py3.10-win-amd64.egg", hash = "sha256:a108d9e64f26e37da12ab13b4c2979db0fd07507025769d804ebf369424555a2"},
    {file = "texture2ddecoder-1.0.4-py3.10-win32.egg", hash = "sha256:60414e5c0aed9cd5f3347ad818d0528f2b9a0ce0c4c1449c4ef6e6a814a761ec"},
    {file = "texture2ddecoder-1.0.4-py3.7-macosx-10.14-x86_64.egg", hash = "sha256:c9ba502887138c205d7f0941f3fc86de874f4c73f4d6df4f8fc4ed9c3b393031"},
    {file = "texture2ddecoder-1.0.4-py3.7-win-amd64.egg", hash = "sha256:87d8f5751fb0601a38c361c6651139b314fa5d76aad2bc82ddc471ca8857a32f"},
    {file = "texture2ddecoder-1.0.4-py3.7-win32.egg", hash = "sha256:12ebc41faabb5c2222965ca51094ae6c99eda80e09561b1d9ced2cf4135db1a7"},
    {file = "texture2ddecoder-1.0.4-py3.8-macosx-10.14-x86_64.egg", hash = "sha256:5174c143481dfe9f3fbc7dff767dba1c0f1f58eabd9551c1828dd76f772d1806"},
    {file = "texture2ddecoder-1.0.4-py3.8-win-amd64.egg", hash = "sha256:b151b858869dc2f0c9001aac90cef19712a2d63d135993594fa6f7d08ee04cbb"},
    {file = "texture2ddecoder-1.0.4-py3.8-win32.egg", hash = "sha256:77c3dd6b9cdc096af560d2c3cbc8378dc71fb7cd333d9d452709b42c5269513d"},
    {file = "texture2ddecoder-1.0.4-py3.9-macosx-10.15-x86_64.egg", hash = "sha256:bdb97629d0d047ff942ca30dca6c8aa50c7e293b3c02876cc0679c567794aa53"},
    {file = "texture2ddecoder-1.0.4-py3.9-win-amd64.egg", hash = "sha256:72dbca189217e1ca41b3b3214973abb7ff7671b438ecff317458b66482b0913d"},
    {file = "texture2ddecoder-1.0.4-py3.9-win32.egg", hash = "sha256:51fe0356b7a28510f918176a45f214b35fd91d6472d940a1566d4886f4bde49a"},
    {file = "texture2ddecoder-1.0.4.tar.gz", hash = "sha256:a4e511f2ea56af1293b3f1d290ca30820b2a6233181929c50d79392b78ec04ea"},
]
unitypy = [
    {file = "UnityPy-1.8.9-cp310-cp310-macosx_10_9_x86_64.whl", hash = "sha256:610ae3454acb84da60cef2f13bb1f77b0f327ac0a68a7fa74a766a8b8984e380"},
    {file = "UnityPy-1.8.9-cp310-cp310-manylinux2014_aarch64.whl", hash = "sha256:c6310e93c213d2794bdf53b2cc50bfa80e28636d99b609a3d7a1b7307300ab7a"},
    {file = "UnityPy-1.8.9-cp310-cp310-manylinux2014_i686.whl", hash = "sha256:b9f07b08073701f7bc3b0c3a0c8f4e72a20be61c652eef6a13fb5cce24b391c5"},
    {file = "UnityPy-1.8.9-cp310-cp310-manylinux2014_x86_64.whl", hash = "sha256:b962482e829fc4b77847fe98e790c3ce626496e174427a70bd9b6e32bf0c12db"},
    {file = "UnityPy-1.8.9-cp310-cp310-win32.whl", hash = "sha256:ab98b29a0333bed02fd45e3ca9439d1fae12710a3e12d667815e8ada390a3a5d"},
    {file = "UnityPy-1.8.9-cp310-cp310-win_amd64.whl", hash = "sha256:3f7632c50f5041ea30b9b9ffc6d407902d4480f214ba132cf0fcde535f04fbaf"},
    {file = "UnityPy-1.8.9-cp37-cp37m-macosx_10_9_x86_64.whl", hash = "sha256:a3bb16d4745f15589b1f0578c0f171345eb71a4443e932c65c07c5e5851837eb"},
    {file = "UnityPy-1.8.9-cp37-cp37m-manylinux2014_aarch64.whl", hash = "sha256:9440ef0d5da0e5ba67857cb5ea47e5b243a98cdfad53ce7ac74360ddb67eb01f"},
    {file = "UnityPy-1.8.9-cp37-cp37m-manylinux2014_i686.whl", hash = "sha256:f7d6afa0ba4e10680f1a39916df729f67cec03c759a8b9969caf66331f8b5dfd"},
    {file = "UnityPy-1.8.9-cp37-cp37m-manylinux2014_x86_64.whl", hash = "sha256:10aefad3f84bd4d1b1cfec051d629dd8b6c2529074c969ab8188d87c735b7345"},
    {file = "UnityPy-1.8.9-cp37-cp37m-win32.whl", hash = "sha256:2b34841b26b290dfb42f5eb7e7520efb0f4e1ad10141866194bc2a396e2bf73f"},
    {file = "UnityPy-1.8.9-cp37-cp37m-win_amd64.whl", hash = "sha256:f02ff6c140ce8afabb08309920a33389df960d93d3327de8265b1647fe20308e"},
    {file = "UnityPy-1.8.9-cp38-cp38-macosx_10_9_x86_64.whl", hash = "sha256:a88dbfa43142f45de8aef27910b533fe9430dffd07a74f8c74ba812ac0237055"},
    {file = "UnityPy-1.8.9-cp38-cp38-manylinux2014_aarch64.whl", hash = "sha256:0d2b868888dbf3aa65ee0ff66f49e47d76d110ccee16019713507dd6efa87240"},
    {file = "UnityPy-1.8.9-cp38-cp38-manylinux2014_i686.whl", hash = "sha256:7623b911b92db1853f933316cdbe0e6d328fff56fc5c9020631aeaca9ddff1f5"},
    {file = "UnityPy-1.8.9-cp38-cp38-manylinux2014_x86_64.whl", hash = "sha256:15aec3b33da90f6c118909c436ccc4a85c7a013cfad0947529f5dfabd5cdeed5"},
    {file = "UnityPy-1.8.9-cp38-cp38-win32.whl", hash = "sha256:cbff09e442bb33b8cc61fda99e849c4e54f583dc86dcf5a9cd73478bf4c02eab"},
    {file = "UnityPy-1.8.9-cp38-cp38-win_amd64.whl", hash = "sha256:775e9d8f5dd445af84aa1da5d2c639b6825de6e91dc6bd55e0c28bd968d7020b"},
    {file = "UnityPy-1.8.9-cp39-cp39-macosx_10_9_x86_64.whl", hash = "sha256:3d0c978d83b7f20f180895d43d7d535722f8934601e860217c32b9722b86e6b5"},
    {file = "UnityPy-1.8.9-cp39-cp39-manylinux2014_aarch64.whl", hash = "sha256:9e0ae9b347b0fba97cef29634b4e7fa9595b0e28e765257d3ad15cd7e57a526d"},
    {file = "UnityPy-1.8.9-cp39-cp39-manylinux2014_i686.whl", hash = "sha256:db7a0e543458fa3cc1316f5473b4473ff9b2e244a7e00e4794ac1131613fabf0"},
    {file = "UnityPy-1.8.9-cp39-cp39-manylinux2014_x86_64.whl", hash = "sha256:4f145b10f6988122d605490bc50ad5cef87d5988744f26be4b8c2989edc47d92"},
    {file = "UnityPy-1.8.9-cp39-cp39-win32.whl", hash = "sha256:4cca4e411c877bf34bdba4a86b89bef5875eb099f9da39f821ec09df4d4c408b"},
    {file = "UnityPy-1.8.9-cp39-cp39-win_amd64.whl", hash = "sha256:a8534684596f44c4bc929584f0f91710a630f9cddf06ffb0f8e3b7fb78f3d55c"},
    {file = "UnityPy-1.8.9.tar.gz", hash = "sha256:0891b6cf7c23bde696731713e62d51aa5eff421f0713ea641bfdcdb39637adf0"},
]
